// !$*UTF8*$!
{
	archiveVersion = 1;
	classes = {
	};
	objectVersion = 46;
	objects = {

/* Begin PBXBuildFile section */
		3C3A952A25A51792BB0608A4 /* libPods-NYCGreenTaxiTripData.a in Frameworks */ = {isa = PBXBuildFile; fileRef = 48DA0F3345E4CDCD62A11076 /* libPods-NYCGreenTaxiTripData.a */; };
		896541A01CE4C61D0064F040 /* main.m in Sources */ = {isa = PBXBuildFile; fileRef = 8965419F1CE4C61D0064F040 /* main.m */; };
		896541A31CE4C61D0064F040 /* AppDelegate.m in Sources */ = {isa = PBXBuildFile; fileRef = 896541A21CE4C61D0064F040 /* AppDelegate.m */; };
		896541A91CE4C61D0064F040 /* Main.storyboard in Resources */ = {isa = PBXBuildFile; fileRef = 896541A71CE4C61D0064F040 /* Main.storyboard */; };
		896541AC1CE4C61D0064F040 /* NYCGreenTaxiTripData.xcdatamodeld in Sources */ = {isa = PBXBuildFile; fileRef = 896541AA1CE4C61D0064F040 /* NYCGreenTaxiTripData.xcdatamodeld */; };
		896541AE1CE4C61D0064F040 /* Assets.xcassets in Resources */ = {isa = PBXBuildFile; fileRef = 896541AD1CE4C61D0064F040 /* Assets.xcassets */; };
		896541B11CE4C61D0064F040 /* LaunchScreen.storyboard in Resources */ = {isa = PBXBuildFile; fileRef = 896541AF1CE4C61D0064F040 /* LaunchScreen.storyboard */; };
		896541BC1CE4C61D0064F040 /* NYCGreenTaxiTripDataTests.m in Sources */ = {isa = PBXBuildFile; fileRef = 896541BB1CE4C61D0064F040 /* NYCGreenTaxiTripDataTests.m */; };
		896541CB1CE4C98C0064F040 /* MainViewController.m in Sources */ = {isa = PBXBuildFile; fileRef = 896541CA1CE4C98C0064F040 /* MainViewController.m */; };
		896541CD1CE4CC590064F040 /* MapKit.framework in Frameworks */ = {isa = PBXBuildFile; fileRef = 896541CC1CE4CC590064F040 /* MapKit.framework */; };
		896541D81CE4D3470064F040 /* ParentTripData+CoreDataProperties.m in Sources */ = {isa = PBXBuildFile; fileRef = 896541D11CE4D3470064F040 /* ParentTripData+CoreDataProperties.m */; };
		896541D91CE4D3470064F040 /* ParentTripData.m in Sources */ = {isa = PBXBuildFile; fileRef = 896541D31CE4D3470064F040 /* ParentTripData.m */; };
		896541DA1CE4D3470064F040 /* TripData+CoreDataProperties.m in Sources */ = {isa = PBXBuildFile; fileRef = 896541D51CE4D3470064F040 /* TripData+CoreDataProperties.m */; };
		896541DB1CE4D3470064F040 /* TripData.m in Sources */ = {isa = PBXBuildFile; fileRef = 896541D71CE4D3470064F040 /* TripData.m */; };
		896541DF1CE5B48A0064F040 /* ModelCoordinator.m in Sources */ = {isa = PBXBuildFile; fileRef = 896541DE1CE5B48A0064F040 /* ModelCoordinator.m */; };
		896541E81CE5B61A0064F040 /* NYCGreenTaxiTripDataUITests.m in Sources */ = {isa = PBXBuildFile; fileRef = 896541E71CE5B61A0064F040 /* NYCGreenTaxiTripDataUITests.m */; };
		896541F11CE5BE020064F040 /* ModelCoordinatorTests.m in Sources */ = {isa = PBXBuildFile; fileRef = 896541F01CE5BE020064F040 /* ModelCoordinatorTests.m */; };
		896541F51CE5E7B40064F040 /* TripsListTableViewController.m in Sources */ = {isa = PBXBuildFile; fileRef = 896541F41CE5E7B40064F040 /* TripsListTableViewController.m */; };
/* End PBXBuildFile section */

/* Begin PBXContainerItemProxy section */
		896541B81CE4C61D0064F040 /* PBXContainerItemProxy */ = {
			isa = PBXContainerItemProxy;
			containerPortal = 896541931CE4C61D0064F040 /* Project object */;
			proxyType = 1;
			remoteGlobalIDString = 8965419A1CE4C61D0064F040;
			remoteInfo = NYCGreenTaxiTripData;
		};
		896541EA1CE5B61A0064F040 /* PBXContainerItemProxy */ = {
			isa = PBXContainerItemProxy;
			containerPortal = 896541931CE4C61D0064F040 /* Project object */;
			proxyType = 1;
			remoteGlobalIDString = 8965419A1CE4C61D0064F040;
			remoteInfo = NYCGreenTaxiTripData;
		};
/* End PBXContainerItemProxy section */

/* Begin PBXFileReference section */
		1940E98140D57D1C945F3E8B /* Pods-NYCGreenTaxiTripData.release.xcconfig */ = {isa = PBXFileReference; includeInIndex = 1; lastKnownFileType = text.xcconfig; name = "Pods-NYCGreenTaxiTripData.release.xcconfig"; path = "Pods/Target Support Files/Pods-NYCGreenTaxiTripData/Pods-NYCGreenTaxiTripData.release.xcconfig"; sourceTree = "<group>"; };
		48DA0F3345E4CDCD62A11076 /* libPods-NYCGreenTaxiTripData.a */ = {isa = PBXFileReference; explicitFileType = archive.ar; includeInIndex = 0; path = "libPods-NYCGreenTaxiTripData.a"; sourceTree = BUILT_PRODUCTS_DIR; };
		8965419B1CE4C61D0064F040 /* NYCGreenTaxiTripData.app */ = {isa = PBXFileReference; explicitFileType = wrapper.application; includeInIndex = 0; path = NYCGreenTaxiTripData.app; sourceTree = BUILT_PRODUCTS_DIR; };
		8965419F1CE4C61D0064F040 /* main.m */ = {isa = PBXFileReference; lastKnownFileType = sourcecode.c.objc; path = main.m; sourceTree = "<group>"; };
		896541A11CE4C61D0064F040 /* AppDelegate.h */ = {isa = PBXFileReference; lastKnownFileType = sourcecode.c.h; path = AppDelegate.h; sourceTree = "<group>"; };
		896541A21CE4C61D0064F040 /* AppDelegate.m */ = {isa = PBXFileReference; lastKnownFileType = sourcecode.c.objc; path = AppDelegate.m; sourceTree = "<group>"; };
		896541A81CE4C61D0064F040 /* Base */ = {isa = PBXFileReference; lastKnownFileType = file.storyboard; name = Base; path = Base.lproj/Main.storyboard; sourceTree = "<group>"; };
		896541AB1CE4C61D0064F040 /* NYCGreenTaxiTripData.xcdatamodel */ = {isa = PBXFileReference; lastKnownFileType = wrapper.xcdatamodel; path = NYCGreenTaxiTripData.xcdatamodel; sourceTree = "<group>"; };
		896541AD1CE4C61D0064F040 /* Assets.xcassets */ = {isa = PBXFileReference; lastKnownFileType = folder.assetcatalog; path = Assets.xcassets; sourceTree = "<group>"; };
		896541B01CE4C61D0064F040 /* Base */ = {isa = PBXFileReference; lastKnownFileType = file.storyboard; name = Base; path = Base.lproj/LaunchScreen.storyboard; sourceTree = "<group>"; };
		896541B21CE4C61D0064F040 /* Info.plist */ = {isa = PBXFileReference; lastKnownFileType = text.plist.xml; path = Info.plist; sourceTree = "<group>"; };
		896541B71CE4C61D0064F040 /* NYCGreenTaxiTripDataTests.xctest */ = {isa = PBXFileReference; explicitFileType = wrapper.cfbundle; includeInIndex = 0; path = NYCGreenTaxiTripDataTests.xctest; sourceTree = BUILT_PRODUCTS_DIR; };
		896541BB1CE4C61D0064F040 /* NYCGreenTaxiTripDataTests.m */ = {isa = PBXFileReference; lastKnownFileType = sourcecode.c.objc; path = NYCGreenTaxiTripDataTests.m; sourceTree = "<group>"; };
		896541BD1CE4C61D0064F040 /* Info.plist */ = {isa = PBXFileReference; lastKnownFileType = text.plist.xml; path = Info.plist; sourceTree = "<group>"; };
		896541C91CE4C98C0064F040 /* MainViewController.h */ = {isa = PBXFileReference; fileEncoding = 4; lastKnownFileType = sourcecode.c.h; path = MainViewController.h; sourceTree = "<group>"; };
		896541CA1CE4C98C0064F040 /* MainViewController.m */ = {isa = PBXFileReference; fileEncoding = 4; lastKnownFileType = sourcecode.c.objc; path = MainViewController.m; sourceTree = "<group>"; };
		896541CC1CE4CC590064F040 /* MapKit.framework */ = {isa = PBXFileReference; lastKnownFileType = wrapper.framework; name = MapKit.framework; path = System/Library/Frameworks/MapKit.framework; sourceTree = SDKROOT; };
		896541D01CE4D3470064F040 /* ParentTripData+CoreDataProperties.h */ = {isa = PBXFileReference; fileEncoding = 4; lastKnownFileType = sourcecode.c.h; path = "ParentTripData+CoreDataProperties.h"; sourceTree = "<group>"; };
		896541D11CE4D3470064F040 /* ParentTripData+CoreDataProperties.m */ = {isa = PBXFileReference; fileEncoding = 4; lastKnownFileType = sourcecode.c.objc; path = "ParentTripData+CoreDataProperties.m"; sourceTree = "<group>"; };
		896541D21CE4D3470064F040 /* ParentTripData.h */ = {isa = PBXFileReference; fileEncoding = 4; lastKnownFileType = sourcecode.c.h; path = ParentTripData.h; sourceTree = "<group>"; };
		896541D31CE4D3470064F040 /* ParentTripData.m */ = {isa = PBXFileReference; fileEncoding = 4; lastKnownFileType = sourcecode.c.objc; path = ParentTripData.m; sourceTree = "<group>"; };
		896541D41CE4D3470064F040 /* TripData+CoreDataProperties.h */ = {isa = PBXFileReference; fileEncoding = 4; lastKnownFileType = sourcecode.c.h; path = "TripData+CoreDataProperties.h"; sourceTree = "<group>"; };
		896541D51CE4D3470064F040 /* TripData+CoreDataProperties.m */ = {isa = PBXFileReference; fileEncoding = 4; lastKnownFileType = sourcecode.c.objc; path = "TripData+CoreDataProperties.m"; sourceTree = "<group>"; };
		896541D61CE4D3470064F040 /* TripData.h */ = {isa = PBXFileReference; fileEncoding = 4; lastKnownFileType = sourcecode.c.h; path = TripData.h; sourceTree = "<group>"; };
		896541D71CE4D3470064F040 /* TripData.m */ = {isa = PBXFileReference; fileEncoding = 4; lastKnownFileType = sourcecode.c.objc; path = TripData.m; sourceTree = "<group>"; };
		896541DD1CE5B48A0064F040 /* ModelCoordinator.h */ = {isa = PBXFileReference; fileEncoding = 4; lastKnownFileType = sourcecode.c.h; path = ModelCoordinator.h; sourceTree = "<group>"; };
		896541DE1CE5B48A0064F040 /* ModelCoordinator.m */ = {isa = PBXFileReference; fileEncoding = 4; lastKnownFileType = sourcecode.c.objc; path = ModelCoordinator.m; sourceTree = "<group>"; };
		896541E01CE5B4A10064F040 /* ModelCoordinatorProtocol.h */ = {isa = PBXFileReference; fileEncoding = 4; lastKnownFileType = sourcecode.c.h; path = ModelCoordinatorProtocol.h; sourceTree = "<group>"; };
		896541E51CE5B61A0064F040 /* NYCGreenTaxiTripDataUITests.xctest */ = {isa = PBXFileReference; explicitFileType = wrapper.cfbundle; includeInIndex = 0; path = NYCGreenTaxiTripDataUITests.xctest; sourceTree = BUILT_PRODUCTS_DIR; };
		896541E71CE5B61A0064F040 /* NYCGreenTaxiTripDataUITests.m */ = {isa = PBXFileReference; lastKnownFileType = sourcecode.c.objc; path = NYCGreenTaxiTripDataUITests.m; sourceTree = "<group>"; };
		896541E91CE5B61A0064F040 /* Info.plist */ = {isa = PBXFileReference; lastKnownFileType = text.plist.xml; path = Info.plist; sourceTree = "<group>"; };
		896541F01CE5BE020064F040 /* ModelCoordinatorTests.m */ = {isa = PBXFileReference; fileEncoding = 4; lastKnownFileType = sourcecode.c.objc; path = ModelCoordinatorTests.m; sourceTree = "<group>"; };
		896541F31CE5E7B40064F040 /* TripsListTableViewController.h */ = {isa = PBXFileReference; fileEncoding = 4; lastKnownFileType = sourcecode.c.h; path = TripsListTableViewController.h; sourceTree = "<group>"; };
		896541F41CE5E7B40064F040 /* TripsListTableViewController.m */ = {isa = PBXFileReference; fileEncoding = 4; lastKnownFileType = sourcecode.c.objc; path = TripsListTableViewController.m; sourceTree = "<group>"; };
		A1F2C2D7DFF1E0087C759A12 /* Pods-NYCGreenTaxiTripData.debug.xcconfig */ = {isa = PBXFileReference; includeInIndex = 1; lastKnownFileType = text.xcconfig; name = "Pods-NYCGreenTaxiTripData.debug.xcconfig"; path = "Pods/Target Support Files/Pods-NYCGreenTaxiTripData/Pods-NYCGreenTaxiTripData.debug.xcconfig"; sourceTree = "<group>"; };
/* End PBXFileReference section */

/* Begin PBXFrameworksBuildPhase section */
		896541981CE4C61D0064F040 /* Frameworks */ = {
			isa = PBXFrameworksBuildPhase;
			buildActionMask = 2147483647;
			files = (
				896541CD1CE4CC590064F040 /* MapKit.framework in Frameworks */,
				3C3A952A25A51792BB0608A4 /* libPods-NYCGreenTaxiTripData.a in Frameworks */,
			);
			runOnlyForDeploymentPostprocessing = 0;
		};
		896541B41CE4C61D0064F040 /* Frameworks */ = {
			isa = PBXFrameworksBuildPhase;
			buildActionMask = 2147483647;
			files = (
			);
			runOnlyForDeploymentPostprocessing = 0;
		};
		896541E21CE5B61A0064F040 /* Frameworks */ = {
			isa = PBXFrameworksBuildPhase;
			buildActionMask = 2147483647;
			files = (
			);
			runOnlyForDeploymentPostprocessing = 0;
		};
/* End PBXFrameworksBuildPhase section */

/* Begin PBXGroup section */
		896541921CE4C61D0064F040 = {
			isa = PBXGroup;
			children = (
				8965419D1CE4C61D0064F040 /* NYCGreenTaxiTripData */,
				896541BA1CE4C61D0064F040 /* NYCGreenTaxiTripDataTests */,
				896541E61CE5B61A0064F040 /* NYCGreenTaxiTripDataUITests */,
				8965419C1CE4C61D0064F040 /* Products */,
				E1BDAD267D18601A59A84B2F /* Pods */,
				AEC9DE03667F1FABB1F6BB4B /* Frameworks */,
			);
			sourceTree = "<group>";
		};
		8965419C1CE4C61D0064F040 /* Products */ = {
			isa = PBXGroup;
			children = (
				8965419B1CE4C61D0064F040 /* NYCGreenTaxiTripData.app */,
				896541B71CE4C61D0064F040 /* NYCGreenTaxiTripDataTests.xctest */,
				896541E51CE5B61A0064F040 /* NYCGreenTaxiTripDataUITests.xctest */,
			);
			name = Products;
			sourceTree = "<group>";
		};
		8965419D1CE4C61D0064F040 /* NYCGreenTaxiTripData */ = {
			isa = PBXGroup;
			children = (
				896541F21CE5E6C40064F040 /* Networking */,
				896541DC1CE5B4670064F040 /* Model */,
				896541CF1CE4D3280064F040 /* Entities */,
				896541C81CE4C9590064F040 /* View */,
				896541A11CE4C61D0064F040 /* AppDelegate.h */,
				896541A21CE4C61D0064F040 /* AppDelegate.m */,
				896541A71CE4C61D0064F040 /* Main.storyboard */,
				896541AD1CE4C61D0064F040 /* Assets.xcassets */,
				896541AF1CE4C61D0064F040 /* LaunchScreen.storyboard */,
				896541B21CE4C61D0064F040 /* Info.plist */,
				896541AA1CE4C61D0064F040 /* NYCGreenTaxiTripData.xcdatamodeld */,
				8965419E1CE4C61D0064F040 /* Supporting Files */,
				896541CE1CE4CC7F0064F040 /* Frameworks */,
			);
			path = NYCGreenTaxiTripData;
			sourceTree = "<group>";
		};
		8965419E1CE4C61D0064F040 /* Supporting Files */ = {
			isa = PBXGroup;
			children = (
				8965419F1CE4C61D0064F040 /* main.m */,
			);
			name = "Supporting Files";
			sourceTree = "<group>";
		};
		896541BA1CE4C61D0064F040 /* NYCGreenTaxiTripDataTests */ = {
			isa = PBXGroup;
			children = (
				896541EF1CE5BDE60064F040 /* Model */,
				896541BB1CE4C61D0064F040 /* NYCGreenTaxiTripDataTests.m */,
				896541BD1CE4C61D0064F040 /* Info.plist */,
			);
			path = NYCGreenTaxiTripDataTests;
			sourceTree = "<group>";
		};
		896541C81CE4C9590064F040 /* View */ = {
			isa = PBXGroup;
			children = (
				896541C91CE4C98C0064F040 /* MainViewController.h */,
				896541CA1CE4C98C0064F040 /* MainViewController.m */,
				896541F31CE5E7B40064F040 /* TripsListTableViewController.h */,
				896541F41CE5E7B40064F040 /* TripsListTableViewController.m */,
			);
			path = View;
			sourceTree = "<group>";
		};
		896541CE1CE4CC7F0064F040 /* Frameworks */ = {
			isa = PBXGroup;
			children = (
				896541CC1CE4CC590064F040 /* MapKit.framework */,
			);
			name = Frameworks;
			path = ..;
			sourceTree = "<group>";
		};
		896541CF1CE4D3280064F040 /* Entities */ = {
			isa = PBXGroup;
			children = (
				896541D01CE4D3470064F040 /* ParentTripData+CoreDataProperties.h */,
				896541D11CE4D3470064F040 /* ParentTripData+CoreDataProperties.m */,
				896541D21CE4D3470064F040 /* ParentTripData.h */,
				896541D31CE4D3470064F040 /* ParentTripData.m */,
				896541D41CE4D3470064F040 /* TripData+CoreDataProperties.h */,
				896541D51CE4D3470064F040 /* TripData+CoreDataProperties.m */,
				896541D61CE4D3470064F040 /* TripData.h */,
				896541D71CE4D3470064F040 /* TripData.m */,
			);
			path = Entities;
			sourceTree = "<group>";
		};
		896541DC1CE5B4670064F040 /* Model */ = {
			isa = PBXGroup;
			children = (
				896541DD1CE5B48A0064F040 /* ModelCoordinator.h */,
				896541DE1CE5B48A0064F040 /* ModelCoordinator.m */,
				896541E01CE5B4A10064F040 /* ModelCoordinatorProtocol.h */,
			);
			path = Model;
			sourceTree = "<group>";
		};
		896541E61CE5B61A0064F040 /* NYCGreenTaxiTripDataUITests */ = {
			isa = PBXGroup;
			children = (
				896541E71CE5B61A0064F040 /* NYCGreenTaxiTripDataUITests.m */,
				896541E91CE5B61A0064F040 /* Info.plist */,
			);
			path = NYCGreenTaxiTripDataUITests;
			sourceTree = "<group>";
		};
		896541EF1CE5BDE60064F040 /* Model */ = {
			isa = PBXGroup;
			children = (
				896541F01CE5BE020064F040 /* ModelCoordinatorTests.m */,
			);
			path = Model;
			sourceTree = "<group>";
		};
		896541F21CE5E6C40064F040 /* Networking */ = {
			isa = PBXGroup;
			children = (
			);
			path = Networking;
			sourceTree = "<group>";
		};
		AEC9DE03667F1FABB1F6BB4B /* Frameworks */ = {
			isa = PBXGroup;
			children = (
				48DA0F3345E4CDCD62A11076 /* libPods-NYCGreenTaxiTripData.a */,
			);
			name = Frameworks;
			sourceTree = "<group>";
		};
		E1BDAD267D18601A59A84B2F /* Pods */ = {
			isa = PBXGroup;
			children = (
				A1F2C2D7DFF1E0087C759A12 /* Pods-NYCGreenTaxiTripData.debug.xcconfig */,
				1940E98140D57D1C945F3E8B /* Pods-NYCGreenTaxiTripData.release.xcconfig */,
			);
			name = Pods;
			sourceTree = "<group>";
		};
/* End PBXGroup section */

/* Begin PBXNativeTarget section */
		8965419A1CE4C61D0064F040 /* NYCGreenTaxiTripData */ = {
			isa = PBXNativeTarget;
			buildConfigurationList = 896541C01CE4C61D0064F040 /* Build configuration list for PBXNativeTarget "NYCGreenTaxiTripData" */;
			buildPhases = (
				D9003FC8EAEBEA2C2CFA4494 /* 📦 Check Pods Manifest.lock */,
				896541971CE4C61D0064F040 /* Sources */,
				896541981CE4C61D0064F040 /* Frameworks */,
				896541991CE4C61D0064F040 /* Resources */,
				B0368E86A48C8C81D2A3B2A5 /* 📦 Embed Pods Frameworks */,
				AD6F3A5D9E6519C7B35E4F16 /* 📦 Copy Pods Resources */,
			);
			buildRules = (
			);
			dependencies = (
			);
			name = NYCGreenTaxiTripData;
			productName = NYCGreenTaxiTripData;
			productReference = 8965419B1CE4C61D0064F040 /* NYCGreenTaxiTripData.app */;
			productType = "com.apple.product-type.application";
		};
		896541B61CE4C61D0064F040 /* NYCGreenTaxiTripDataTests */ = {
			isa = PBXNativeTarget;
			buildConfigurationList = 896541C31CE4C61D0064F040 /* Build configuration list for PBXNativeTarget "NYCGreenTaxiTripDataTests" */;
			buildPhases = (
				896541B31CE4C61D0064F040 /* Sources */,
				896541B41CE4C61D0064F040 /* Frameworks */,
				896541B51CE4C61D0064F040 /* Resources */,
			);
			buildRules = (
			);
			dependencies = (
				896541B91CE4C61D0064F040 /* PBXTargetDependency */,
			);
			name = NYCGreenTaxiTripDataTests;
			productName = NYCGreenTaxiTripDataTests;
			productReference = 896541B71CE4C61D0064F040 /* NYCGreenTaxiTripDataTests.xctest */;
			productType = "com.apple.product-type.bundle.unit-test";
		};
		896541E41CE5B61A0064F040 /* NYCGreenTaxiTripDataUITests */ = {
			isa = PBXNativeTarget;
			buildConfigurationList = 896541EC1CE5B61A0064F040 /* Build configuration list for PBXNativeTarget "NYCGreenTaxiTripDataUITests" */;
			buildPhases = (
				896541E11CE5B61A0064F040 /* Sources */,
				896541E21CE5B61A0064F040 /* Frameworks */,
				896541E31CE5B61A0064F040 /* Resources */,
			);
			buildRules = (
			);
			dependencies = (
				896541EB1CE5B61A0064F040 /* PBXTargetDependency */,
			);
			name = NYCGreenTaxiTripDataUITests;
			productName = NYCGreenTaxiTripDataUITests;
			productReference = 896541E51CE5B61A0064F040 /* NYCGreenTaxiTripDataUITests.xctest */;
			productType = "com.apple.product-type.bundle.ui-testing";
		};
/* End PBXNativeTarget section */

/* Begin PBXProject section */
		896541931CE4C61D0064F040 /* Project object */ = {
			isa = PBXProject;
			attributes = {
				LastUpgradeCheck = 0730;
				ORGANIZATIONNAME = tahavath;
				TargetAttributes = {
					8965419A1CE4C61D0064F040 = {
						CreatedOnToolsVersion = 7.3.1;
					};
					896541B61CE4C61D0064F040 = {
						CreatedOnToolsVersion = 7.3.1;
						TestTargetID = 8965419A1CE4C61D0064F040;
					};
					896541E41CE5B61A0064F040 = {
						CreatedOnToolsVersion = 7.3.1;
						TestTargetID = 8965419A1CE4C61D0064F040;
					};
				};
			};
			buildConfigurationList = 896541961CE4C61D0064F040 /* Build configuration list for PBXProject "NYCGreenTaxiTripData" */;
			compatibilityVersion = "Xcode 3.2";
			developmentRegion = English;
			hasScannedForEncodings = 0;
			knownRegions = (
				en,
				Base,
			);
			mainGroup = 896541921CE4C61D0064F040;
			productRefGroup = 8965419C1CE4C61D0064F040 /* Products */;
			projectDirPath = "";
			projectRoot = "";
			targets = (
				8965419A1CE4C61D0064F040 /* NYCGreenTaxiTripData */,
				896541B61CE4C61D0064F040 /* NYCGreenTaxiTripDataTests */,
				896541E41CE5B61A0064F040 /* NYCGreenTaxiTripDataUITests */,
			);
		};
/* End PBXProject section */

/* Begin PBXResourcesBuildPhase section */
		896541991CE4C61D0064F040 /* Resources */ = {
			isa = PBXResourcesBuildPhase;
			buildActionMask = 2147483647;
			files = (
				896541B11CE4C61D0064F040 /* LaunchScreen.storyboard in Resources */,
				896541AE1CE4C61D0064F040 /* Assets.xcassets in Resources */,
				896541A91CE4C61D0064F040 /* Main.storyboard in Resources */,
			);
			runOnlyForDeploymentPostprocessing = 0;
		};
		896541B51CE4C61D0064F040 /* Resources */ = {
			isa = PBXResourcesBuildPhase;
			buildActionMask = 2147483647;
			files = (
			);
			runOnlyForDeploymentPostprocessing = 0;
		};
		896541E31CE5B61A0064F040 /* Resources */ = {
			isa = PBXResourcesBuildPhase;
			buildActionMask = 2147483647;
			files = (
			);
			runOnlyForDeploymentPostprocessing = 0;
		};
/* End PBXResourcesBuildPhase section */

/* Begin PBXShellScriptBuildPhase section */
		AD6F3A5D9E6519C7B35E4F16 /* 📦 Copy Pods Resources */ = {
			isa = PBXShellScriptBuildPhase;
			buildActionMask = 2147483647;
			files = (
			);
			inputPaths = (
			);
			name = "📦 Copy Pods Resources";
			outputPaths = (
			);
			runOnlyForDeploymentPostprocessing = 0;
			shellPath = /bin/sh;
			shellScript = "\"${SRCROOT}/Pods/Target Support Files/Pods-NYCGreenTaxiTripData/Pods-NYCGreenTaxiTripData-resources.sh\"\n";
			showEnvVarsInLog = 0;
		};
		B0368E86A48C8C81D2A3B2A5 /* 📦 Embed Pods Frameworks */ = {
			isa = PBXShellScriptBuildPhase;
			buildActionMask = 2147483647;
			files = (
			);
			inputPaths = (
			);
			name = "📦 Embed Pods Frameworks";
			outputPaths = (
			);
			runOnlyForDeploymentPostprocessing = 0;
			shellPath = /bin/sh;
			shellScript = "\"${SRCROOT}/Pods/Target Support Files/Pods-NYCGreenTaxiTripData/Pods-NYCGreenTaxiTripData-frameworks.sh\"\n";
			showEnvVarsInLog = 0;
		};
		D9003FC8EAEBEA2C2CFA4494 /* 📦 Check Pods Manifest.lock */ = {
			isa = PBXShellScriptBuildPhase;
			buildActionMask = 2147483647;
			files = (
			);
			inputPaths = (
			);
			name = "📦 Check Pods Manifest.lock";
			outputPaths = (
			);
			runOnlyForDeploymentPostprocessing = 0;
			shellPath = /bin/sh;
			shellScript = "diff \"${PODS_ROOT}/../Podfile.lock\" \"${PODS_ROOT}/Manifest.lock\" > /dev/null\nif [[ $? != 0 ]] ; then\n    cat << EOM\nerror: The sandbox is not in sync with the Podfile.lock. Run 'pod install' or update your CocoaPods installation.\nEOM\n    exit 1\nfi\n";
			showEnvVarsInLog = 0;
		};
/* End PBXShellScriptBuildPhase section */

/* Begin PBXSourcesBuildPhase section */
		896541971CE4C61D0064F040 /* Sources */ = {
			isa = PBXSourcesBuildPhase;
			buildActionMask = 2147483647;
			files = (
				896541DF1CE5B48A0064F040 /* ModelCoordinator.m in Sources */,
				896541AC1CE4C61D0064F040 /* NYCGreenTaxiTripData.xcdatamodeld in Sources */,
				896541A31CE4C61D0064F040 /* AppDelegate.m in Sources */,
				896541CB1CE4C98C0064F040 /* MainViewController.m in Sources */,
				896541D81CE4D3470064F040 /* ParentTripData+CoreDataProperties.m in Sources */,
				896541D91CE4D3470064F040 /* ParentTripData.m in Sources */,
				896541DA1CE4D3470064F040 /* TripData+CoreDataProperties.m in Sources */,
				896541DB1CE4D3470064F040 /* TripData.m in Sources */,
				896541F51CE5E7B40064F040 /* TripsListTableViewController.m in Sources */,
				896541A01CE4C61D0064F040 /* main.m in Sources */,
			);
			runOnlyForDeploymentPostprocessing = 0;
		};
		896541B31CE4C61D0064F040 /* Sources */ = {
			isa = PBXSourcesBuildPhase;
			buildActionMask = 2147483647;
			files = (
				896541F11CE5BE020064F040 /* ModelCoordinatorTests.m in Sources */,
				896541BC1CE4C61D0064F040 /* NYCGreenTaxiTripDataTests.m in Sources */,
			);
			runOnlyForDeploymentPostprocessing = 0;
		};
		896541E11CE5B61A0064F040 /* Sources */ = {
			isa = PBXSourcesBuildPhase;
			buildActionMask = 2147483647;
			files = (
				896541E81CE5B61A0064F040 /* NYCGreenTaxiTripDataUITests.m in Sources */,
			);
			runOnlyForDeploymentPostprocessing = 0;
		};
/* End PBXSourcesBuildPhase section */

/* Begin PBXTargetDependency section */
		896541B91CE4C61D0064F040 /* PBXTargetDependency */ = {
			isa = PBXTargetDependency;
			target = 8965419A1CE4C61D0064F040 /* NYCGreenTaxiTripData */;
			targetProxy = 896541B81CE4C61D0064F040 /* PBXContainerItemProxy */;
		};
		896541EB1CE5B61A0064F040 /* PBXTargetDependency */ = {
			isa = PBXTargetDependency;
			target = 8965419A1CE4C61D0064F040 /* NYCGreenTaxiTripData */;
			targetProxy = 896541EA1CE5B61A0064F040 /* PBXContainerItemProxy */;
		};
/* End PBXTargetDependency section */

/* Begin PBXVariantGroup section */
		896541A71CE4C61D0064F040 /* Main.storyboard */ = {
			isa = PBXVariantGroup;
			children = (
				896541A81CE4C61D0064F040 /* Base */,
			);
			name = Main.storyboard;
			sourceTree = "<group>";
		};
		896541AF1CE4C61D0064F040 /* LaunchScreen.storyboard */ = {
			isa = PBXVariantGroup;
			children = (
				896541B01CE4C61D0064F040 /* Base */,
			);
			name = LaunchScreen.storyboard;
			sourceTree = "<group>";
		};
/* End PBXVariantGroup section */

/* Begin XCBuildConfiguration section */
		896541BE1CE4C61D0064F040 /* Debug */ = {
			isa = XCBuildConfiguration;
			buildSettings = {
				ALWAYS_SEARCH_USER_PATHS = NO;
				CLANG_ANALYZER_NONNULL = YES;
				CLANG_CXX_LANGUAGE_STANDARD = "gnu++0x";
				CLANG_CXX_LIBRARY = "libc++";
				CLANG_ENABLE_MODULES = YES;
				CLANG_ENABLE_OBJC_ARC = YES;
				CLANG_WARN_BOOL_CONVERSION = YES;
				CLANG_WARN_CONSTANT_CONVERSION = YES;
				CLANG_WARN_DIRECT_OBJC_ISA_USAGE = YES_ERROR;
				CLANG_WARN_EMPTY_BODY = YES;
				CLANG_WARN_ENUM_CONVERSION = YES;
				CLANG_WARN_INT_CONVERSION = YES;
				CLANG_WARN_OBJC_ROOT_CLASS = YES_ERROR;
				CLANG_WARN_UNREACHABLE_CODE = YES;
				CLANG_WARN__DUPLICATE_METHOD_MATCH = YES;
				"CODE_SIGN_IDENTITY[sdk=iphoneos*]" = "iPhone Developer";
				COPY_PHASE_STRIP = NO;
				DEBUG_INFORMATION_FORMAT = dwarf;
				ENABLE_STRICT_OBJC_MSGSEND = YES;
				ENABLE_TESTABILITY = YES;
				GCC_C_LANGUAGE_STANDARD = gnu99;
				GCC_DYNAMIC_NO_PIC = NO;
				GCC_NO_COMMON_BLOCKS = YES;
				GCC_OPTIMIZATION_LEVEL = 0;
				GCC_PREPROCESSOR_DEFINITIONS = (
					"DEBUG=1",
					"$(inherited)",
				);
				GCC_WARN_64_TO_32_BIT_CONVERSION = YES;
				GCC_WARN_ABOUT_RETURN_TYPE = YES_ERROR;
				GCC_WARN_UNDECLARED_SELECTOR = YES;
				GCC_WARN_UNINITIALIZED_AUTOS = YES_AGGRESSIVE;
				GCC_WARN_UNUSED_FUNCTION = YES;
				GCC_WARN_UNUSED_VARIABLE = YES;
				IPHONEOS_DEPLOYMENT_TARGET = 9.3;
				MTL_ENABLE_DEBUG_INFO = YES;
				ONLY_ACTIVE_ARCH = YES;
				SDKROOT = iphoneos;
				TARGETED_DEVICE_FAMILY = "1,2";
			};
			name = Debug;
		};
		896541BF1CE4C61D0064F040 /* Release */ = {
			isa = XCBuildConfiguration;
			buildSettings = {
				ALWAYS_SEARCH_USER_PATHS = NO;
				CLANG_ANALYZER_NONNULL = YES;
				CLANG_CXX_LANGUAGE_STANDARD = "gnu++0x";
				CLANG_CXX_LIBRARY = "libc++";
				CLANG_ENABLE_MODULES = YES;
				CLANG_ENABLE_OBJC_ARC = YES;
				CLANG_WARN_BOOL_CONVERSION = YES;
				CLANG_WARN_CONSTANT_CONVERSION = YES;
				CLANG_WARN_DIRECT_OBJC_ISA_USAGE = YES_ERROR;
				CLANG_WARN_EMPTY_BODY = YES;
				CLANG_WARN_ENUM_CONVERSION = YES;
				CLANG_WARN_INT_CONVERSION = YES;
				CLANG_WARN_OBJC_ROOT_CLASS = YES_ERROR;
				CLANG_WARN_UNREACHABLE_CODE = YES;
				CLANG_WARN__DUPLICATE_METHOD_MATCH = YES;
				"CODE_SIGN_IDENTITY[sdk=iphoneos*]" = "iPhone Developer";
				COPY_PHASE_STRIP = NO;
				DEBUG_INFORMATION_FORMAT = "dwarf-with-dsym";
				ENABLE_NS_ASSERTIONS = NO;
				ENABLE_STRICT_OBJC_MSGSEND = YES;
				GCC_C_LANGUAGE_STANDARD = gnu99;
				GCC_NO_COMMON_BLOCKS = YES;
				GCC_WARN_64_TO_32_BIT_CONVERSION = YES;
				GCC_WARN_ABOUT_RETURN_TYPE = YES_ERROR;
				GCC_WARN_UNDECLARED_SELECTOR = YES;
				GCC_WARN_UNINITIALIZED_AUTOS = YES_AGGRESSIVE;
				GCC_WARN_UNUSED_FUNCTION = YES;
				GCC_WARN_UNUSED_VARIABLE = YES;
				IPHONEOS_DEPLOYMENT_TARGET = 9.3;
				MTL_ENABLE_DEBUG_INFO = NO;
				SDKROOT = iphoneos;
				TARGETED_DEVICE_FAMILY = "1,2";
				VALIDATE_PRODUCT = YES;
			};
			name = Release;
		};
		896541C11CE4C61D0064F040 /* Debug */ = {
			isa = XCBuildConfiguration;
			baseConfigurationReference = A1F2C2D7DFF1E0087C759A12 /* Pods-NYCGreenTaxiTripData.debug.xcconfig */;
			buildSettings = {
				ASSETCATALOG_COMPILER_APPICON_NAME = AppIcon;
				INFOPLIST_FILE = NYCGreenTaxiTripData/Info.plist;
				LD_RUNPATH_SEARCH_PATHS = "$(inherited) @executable_path/Frameworks";
				PRODUCT_BUNDLE_IDENTIFIER = mob.learning.thv.NYCGreenTaxiTripData;
				PRODUCT_NAME = "$(TARGET_NAME)";
			};
			name = Debug;
		};
		896541C21CE4C61D0064F040 /* Release */ = {
			isa = XCBuildConfiguration;
			baseConfigurationReference = 1940E98140D57D1C945F3E8B /* Pods-NYCGreenTaxiTripData.release.xcconfig */;
			buildSettings = {
				ASSETCATALOG_COMPILER_APPICON_NAME = AppIcon;
				INFOPLIST_FILE = NYCGreenTaxiTripData/Info.plist;
				LD_RUNPATH_SEARCH_PATHS = "$(inherited) @executable_path/Frameworks";
				PRODUCT_BUNDLE_IDENTIFIER = mob.learning.thv.NYCGreenTaxiTripData;
				PRODUCT_NAME = "$(TARGET_NAME)";
			};
			name = Release;
		};
		896541C41CE4C61D0064F040 /* Debug */ = {
			isa = XCBuildConfiguration;
			baseConfigurationReference = A1F2C2D7DFF1E0087C759A12 /* Pods-NYCGreenTaxiTripData.debug.xcconfig */;
			buildSettings = {
				BUNDLE_LOADER = "$(TEST_HOST)";
				INFOPLIST_FILE = NYCGreenTaxiTripDataTests/Info.plist;
				LD_RUNPATH_SEARCH_PATHS = "$(inherited) @executable_path/Frameworks @loader_path/Frameworks";
				PRODUCT_BUNDLE_IDENTIFIER = mob.learning.thv.NYCGreenTaxiTripData.NYCGreenTaxiTripDataTests;
				PRODUCT_NAME = "$(TARGET_NAME)";
				TEST_HOST = "$(BUILT_PRODUCTS_DIR)/NYCGreenTaxiTripData.app/NYCGreenTaxiTripData";
			};
			name = Debug;
		};
		896541C51CE4C61D0064F040 /* Release */ = {
			isa = XCBuildConfiguration;
			baseConfigurationReference = 1940E98140D57D1C945F3E8B /* Pods-NYCGreenTaxiTripData.release.xcconfig */;
			buildSettings = {
				BUNDLE_LOADER = "$(TEST_HOST)";
				INFOPLIST_FILE = NYCGreenTaxiTripDataTests/Info.plist;
				LD_RUNPATH_SEARCH_PATHS = "$(inherited) @executable_path/Frameworks @loader_path/Frameworks";
				PRODUCT_BUNDLE_IDENTIFIER = mob.learning.thv.NYCGreenTaxiTripData.NYCGreenTaxiTripDataTests;
				PRODUCT_NAME = "$(TARGET_NAME)";
				TEST_HOST = "$(BUILT_PRODUCTS_DIR)/NYCGreenTaxiTripData.app/NYCGreenTaxiTripData";
			};
			name = Release;
		};
		896541ED1CE5B61A0064F040 /* Debug */ = {
			isa = XCBuildConfiguration;
			baseConfigurationReference = A1F2C2D7DFF1E0087C759A12 /* Pods-NYCGreenTaxiTripData.debug.xcconfig */;
			buildSettings = {
				INFOPLIST_FILE = NYCGreenTaxiTripDataUITests/Info.plist;
				LD_RUNPATH_SEARCH_PATHS = "$(inherited) @executable_path/Frameworks @loader_path/Frameworks";
				PRODUCT_BUNDLE_IDENTIFIER = mob.learning.thv.NYCGreenTaxiTripData.NYCGreenTaxiTripDataUITests;
				PRODUCT_NAME = "$(TARGET_NAME)";
				TEST_TARGET_NAME = NYCGreenTaxiTripData;
			};
			name = Debug;
		};
		896541EE1CE5B61A0064F040 /* Release */ = {
			isa = XCBuildConfiguration;
			baseConfigurationReference = 1940E98140D57D1C945F3E8B /* Pods-NYCGreenTaxiTripData.release.xcconfig */;
			buildSettings = {
				INFOPLIST_FILE = NYCGreenTaxiTripDataUITests/Info.plist;
				LD_RUNPATH_SEARCH_PATHS = "$(inherited) @executable_path/Frameworks @loader_path/Frameworks";
				PRODUCT_BUNDLE_IDENTIFIER = mob.learning.thv.NYCGreenTaxiTripData.NYCGreenTaxiTripDataUITests;
				PRODUCT_NAME = "$(TARGET_NAME)";
				TEST_TARGET_NAME = NYCGreenTaxiTripData;
			};
			name = Release;
		};
/* End XCBuildConfiguration section */

/* Begin XCConfigurationList section */
		896541961CE4C61D0064F040 /* Build configuration list for PBXProject "NYCGreenTaxiTripData" */ = {
			isa = XCConfigurationList;
			buildConfigurations = (
				896541BE1CE4C61D0064F040 /* Debug */,
				896541BF1CE4C61D0064F040 /* Release */,
			);
			defaultConfigurationIsVisible = 0;
			defaultConfigurationName = Release;
		};
		896541C01CE4C61D0064F040 /* Build configuration list for PBXNativeTarget "NYCGreenTaxiTripData" */ = {
			isa = XCConfigurationList;
			buildConfigurations = (
				896541C11CE4C61D0064F040 /* Debug */,
				896541C21CE4C61D0064F040 /* Release */,
			);
			defaultConfigurationIsVisible = 0;
			defaultConfigurationName = Release;
		};
		896541C31CE4C61D0064F040 /* Build configuration list for PBXNativeTarget "NYCGreenTaxiTripDataTests" */ = {
			isa = XCConfigurationList;
			buildConfigurations = (
				896541C41CE4C61D0064F040 /* Debug */,
				896541C51CE4C61D0064F040 /* Release */,
			);
			defaultConfigurationIsVisible = 0;
			defaultConfigurationName = Release;
		};
		896541EC1CE5B61A0064F040 /* Build configuration list for PBXNativeTarget "NYCGreenTaxiTripDataUITests" */ = {
			isa = XCConfigurationList;
			buildConfigurations = (
				896541ED1CE5B61A0064F040 /* Debug */,
				896541EE1CE5B61A0064F040 /* Release */,
			);
			defaultConfigurationIsVisible = 0;
		};
/* End XCConfigurationList section */

/* Begin XCVersionGroup section */
		896541AA1CE4C61D0064F040 /* NYCGreenTaxiTripData.xcdatamodeld */ = {
			isa = XCVersionGroup;
			children = (
				896541AB1CE4C61D0064F040 /* NYCGreenTaxiTripData.xcdatamodel */,
			);
			currentVersion = 896541AB1CE4C61D0064F040 /* NYCGreenTaxiTripData.xcdatamodel */;
			path = NYCGreenTaxiTripData.xcdatamodeld;
			sourceTree = "<group>";
			versionGroupType = wrapper.xcdatamodel;
		};
/* End XCVersionGroup section */
	};
	rootObject = 896541931CE4C61D0064F040 /* Project object */;
}
